
Microsoft Visual Studio Solution File, Format Version 12.00
# Visual Studio Version 17
VisualStudioVersion = 17.0.32014.148
MinimumVisualStudioVersion = 10.0.40219.1
Project("{9A19103F-16F7-4668-BE54-9A1E7A4F7556}") = "SimpleSchedulerModels", "SimpleSchedulerModels\SimpleSchedulerModels.csproj", "{5275E483-74B2-46A5-94AE-76D6F2823491}"
EndProject
Project("{9A19103F-16F7-4668-BE54-9A1E7A4F7556}") = "SimpleSchedulerBusiness", "SimpleSchedulerBusiness\SimpleSchedulerBusiness.csproj", "{A624572A-32FB-4B24-B5A5-BDBAE0C8433B}"
EndProject
Project("{9A19103F-16F7-4668-BE54-9A1E7A4F7556}") = "SimpleSchedulerData", "SimpleSchedulerData\SimpleSchedulerData.csproj", "{16C14813-9931-4B53-9811-48F87BE134C2}"
EndProject
Project("{9A19103F-16F7-4668-BE54-9A1E7A4F7556}") = "SimpleSchedulerAPI", "SimpleSchedulerAPI\SimpleSchedulerAPI.csproj", "{D3335E54-70CD-4555-A23D-77E9A25D271E}"
EndProject
Project("{9A19103F-16F7-4668-BE54-9A1E7A4F7556}") = "SimpleSchedulerService", "SimpleSchedulerService\SimpleSchedulerService.csproj", "{0F2BE554-5627-42B4-A480-174F4E5ADCB9}"
EndProject
Project("{9A19103F-16F7-4668-BE54-9A1E7A4F7556}") = "SimpleSchedulerEmail", "SimpleSchedulerEmail\SimpleSchedulerEmail.csproj", "{67B2364E-E7BE-4070-A154-C5DDCBB132CA}"
EndProject
Project("{9A19103F-16F7-4668-BE54-9A1E7A4F7556}") = "SimpleSchedulerServiceChecker", "SimpleSchedulerServiceChecker\SimpleSchedulerServiceChecker.csproj", "{09B2F39D-FB6E-45D3-A628-B4ACC478FB29}"
EndProject
Project("{9A19103F-16F7-4668-BE54-9A1E7A4F7556}") = "SimpleSchedulerEntities", "SimpleSchedulerEntities\SimpleSchedulerEntities.csproj", "{4AC0EFDD-3820-412D-BC49-0E65553F133C}"
EndProject
Project("{9A19103F-16F7-4668-BE54-9A1E7A4F7556}") = "SimpleSchedulerTests", "SimpleSchedulerTests\SimpleSchedulerTests.csproj", "{46FF81EE-5B13-4547-91FC-1282370E5D0B}"
EndProject
Project("{9A19103F-16F7-4668-BE54-9A1E7A4F7556}") = "SimpleSchedulerFakeData", "SimpleSchedulerFakeData\SimpleSchedulerFakeData.csproj", "{FD205ADB-62AE-43C6-8829-425D4F353FB5}"
EndProject
Project("{00D1A9C2-B5F0-4AF3-8072-F6C62B433612}") = "SimpleSchedulerDB", "SqlDB\SimpleSchedulerDB.sqlproj", "{760899A4-0FCE-4B5C-A9E4-7C0F11CC0831}"
EndProject
Project("{9A19103F-16F7-4668-BE54-9A1E7A4F7556}") = "SimpleSchedulerJobArchive", "SimpleSchedulerJobArchive\SimpleSchedulerJobArchive.csproj", "{6AB9DBF4-EF77-4B97-8BFA-9DDB54741C86}"
EndProject
Project("{FAE04EC0-301F-11D3-BF4B-00C04F79EFBC}") = "SimpleSchedulerBlazor.Server", "SimpleSchedulerBlazor\Server\SimpleSchedulerBlazor.Server.csproj", "{5ACE8B19-FADE-476D-A875-C46963207F4D}"
EndProject
Project("{FAE04EC0-301F-11D3-BF4B-00C04F79EFBC}") = "SimpleSchedulerBlazor.Client", "SimpleSchedulerBlazor\Client\SimpleSchedulerBlazor.Client.csproj", "{A944A7B3-FC26-4A68-9D97-3B82032DAE8B}"
EndProject
Project("{FAE04EC0-301F-11D3-BF4B-00C04F79EFBC}") = "SimpleSchedulerBlazor.Shared", "SimpleSchedulerBlazor\Shared\SimpleSchedulerBlazor.Shared.csproj", "{EC71A979-14F3-417C-8FDD-87FD744B449B}"
EndProject
Global
	GlobalSection(SolutionConfigurationPlatforms) = preSolution
		Debug|Any CPU = Debug|Any CPU
		Debug|x64 = Debug|x64
		Release|Any CPU = Release|Any CPU
		Release|x64 = Release|x64
	EndGlobalSection
	GlobalSection(ProjectConfigurationPlatforms) = postSolution
		{5275E483-74B2-46A5-94AE-76D6F2823491}.Debug|Any CPU.ActiveCfg = Debug|Any CPU
		{5275E483-74B2-46A5-94AE-76D6F2823491}.Debug|Any CPU.Build.0 = Debug|Any CPU
		{5275E483-74B2-46A5-94AE-76D6F2823491}.Debug|x64.ActiveCfg = Debug|Any CPU
		{5275E483-74B2-46A5-94AE-76D6F2823491}.Debug|x64.Build.0 = Debug|Any CPU
		{5275E483-74B2-46A5-94AE-76D6F2823491}.Release|Any CPU.ActiveCfg = Release|Any CPU
		{5275E483-74B2-46A5-94AE-76D6F2823491}.Release|Any CPU.Build.0 = Release|Any CPU
		{5275E483-74B2-46A5-94AE-76D6F2823491}.Release|x64.ActiveCfg = Release|Any CPU
		{5275E483-74B2-46A5-94AE-76D6F2823491}.Release|x64.Build.0 = Release|Any CPU
		{A624572A-32FB-4B24-B5A5-BDBAE0C8433B}.Debug|Any CPU.ActiveCfg = Debug|Any CPU
		{A624572A-32FB-4B24-B5A5-BDBAE0C8433B}.Debug|Any CPU.Build.0 = Debug|Any CPU
		{A624572A-32FB-4B24-B5A5-BDBAE0C8433B}.Debug|x64.ActiveCfg = Debug|Any CPU
		{A624572A-32FB-4B24-B5A5-BDBAE0C8433B}.Debug|x64.Build.0 = Debug|Any CPU
		{A624572A-32FB-4B24-B5A5-BDBAE0C8433B}.Release|Any CPU.ActiveCfg = Release|Any CPU
		{A624572A-32FB-4B24-B5A5-BDBAE0C8433B}.Release|Any CPU.Build.0 = Release|Any CPU
		{A624572A-32FB-4B24-B5A5-BDBAE0C8433B}.Release|x64.ActiveCfg = Release|Any CPU
		{A624572A-32FB-4B24-B5A5-BDBAE0C8433B}.Release|x64.Build.0 = Release|Any CPU
		{16C14813-9931-4B53-9811-48F87BE134C2}.Debug|Any CPU.ActiveCfg = Debug|Any CPU
		{16C14813-9931-4B53-9811-48F87BE134C2}.Debug|Any CPU.Build.0 = Debug|Any CPU
		{16C14813-9931-4B53-9811-48F87BE134C2}.Debug|x64.ActiveCfg = Debug|Any CPU
		{16C14813-9931-4B53-9811-48F87BE134C2}.Debug|x64.Build.0 = Debug|Any CPU
		{16C14813-9931-4B53-9811-48F87BE134C2}.Release|Any CPU.ActiveCfg = Release|Any CPU
		{16C14813-9931-4B53-9811-48F87BE134C2}.Release|Any CPU.Build.0 = Release|Any CPU
		{16C14813-9931-4B53-9811-48F87BE134C2}.Release|x64.ActiveCfg = Release|Any CPU
		{16C14813-9931-4B53-9811-48F87BE134C2}.Release|x64.Build.0 = Release|Any CPU
		{D3335E54-70CD-4555-A23D-77E9A25D271E}.Debug|Any CPU.ActiveCfg = Debug|Any CPU
		{D3335E54-70CD-4555-A23D-77E9A25D271E}.Debug|Any CPU.Build.0 = Debug|Any CPU
		{D3335E54-70CD-4555-A23D-77E9A25D271E}.Debug|x64.ActiveCfg = Debug|Any CPU
		{D3335E54-70CD-4555-A23D-77E9A25D271E}.Debug|x64.Build.0 = Debug|Any CPU
		{D3335E54-70CD-4555-A23D-77E9A25D271E}.Release|Any CPU.ActiveCfg = Release|Any CPU
		{D3335E54-70CD-4555-A23D-77E9A25D271E}.Release|Any CPU.Build.0 = Release|Any CPU
		{D3335E54-70CD-4555-A23D-77E9A25D271E}.Release|x64.ActiveCfg = Release|Any CPU
		{D3335E54-70CD-4555-A23D-77E9A25D271E}.Release|x64.Build.0 = Release|Any CPU
		{0F2BE554-5627-42B4-A480-174F4E5ADCB9}.Debug|Any CPU.ActiveCfg = Debug|Any CPU
		{0F2BE554-5627-42B4-A480-174F4E5ADCB9}.Debug|Any CPU.Build.0 = Debug|Any CPU
		{0F2BE554-5627-42B4-A480-174F4E5ADCB9}.Debug|x64.ActiveCfg = Debug|Any CPU
		{0F2BE554-5627-42B4-A480-174F4E5ADCB9}.Debug|x64.Build.0 = Debug|Any CPU
		{0F2BE554-5627-42B4-A480-174F4E5ADCB9}.Release|Any CPU.ActiveCfg = Release|Any CPU
		{0F2BE554-5627-42B4-A480-174F4E5ADCB9}.Release|Any CPU.Build.0 = Release|Any CPU
		{0F2BE554-5627-42B4-A480-174F4E5ADCB9}.Release|x64.ActiveCfg = Release|Any CPU
		{0F2BE554-5627-42B4-A480-174F4E5ADCB9}.Release|x64.Build.0 = Release|Any CPU
		{67B2364E-E7BE-4070-A154-C5DDCBB132CA}.Debug|Any CPU.ActiveCfg = Debug|Any CPU
		{67B2364E-E7BE-4070-A154-C5DDCBB132CA}.Debug|Any CPU.Build.0 = Debug|Any CPU
		{67B2364E-E7BE-4070-A154-C5DDCBB132CA}.Debug|x64.ActiveCfg = Debug|Any CPU
		{67B2364E-E7BE-4070-A154-C5DDCBB132CA}.Debug|x64.Build.0 = Debug|Any CPU
		{67B2364E-E7BE-4070-A154-C5DDCBB132CA}.Release|Any CPU.ActiveCfg = Release|Any CPU
		{67B2364E-E7BE-4070-A154-C5DDCBB132CA}.Release|Any CPU.Build.0 = Release|Any CPU
		{67B2364E-E7BE-4070-A154-C5DDCBB132CA}.Release|x64.ActiveCfg = Release|Any CPU
		{67B2364E-E7BE-4070-A154-C5DDCBB132CA}.Release|x64.Build.0 = Release|Any CPU
		{09B2F39D-FB6E-45D3-A628-B4ACC478FB29}.Debug|Any CPU.ActiveCfg = Debug|Any CPU
		{09B2F39D-FB6E-45D3-A628-B4ACC478FB29}.Debug|Any CPU.Build.0 = Debug|Any CPU
		{09B2F39D-FB6E-45D3-A628-B4ACC478FB29}.Debug|x64.ActiveCfg = Debug|Any CPU
		{09B2F39D-FB6E-45D3-A628-B4ACC478FB29}.Debug|x64.Build.0 = Debug|Any CPU
		{09B2F39D-FB6E-45D3-A628-B4ACC478FB29}.Release|Any CPU.ActiveCfg = Release|Any CPU
		{09B2F39D-FB6E-45D3-A628-B4ACC478FB29}.Release|Any CPU.Build.0 = Release|Any CPU
		{09B2F39D-FB6E-45D3-A628-B4ACC478FB29}.Release|x64.ActiveCfg = Release|Any CPU
		{09B2F39D-FB6E-45D3-A628-B4ACC478FB29}.Release|x64.Build.0 = Release|Any CPU
		{4AC0EFDD-3820-412D-BC49-0E65553F133C}.Debug|Any CPU.ActiveCfg = Debug|Any CPU
		{4AC0EFDD-3820-412D-BC49-0E65553F133C}.Debug|Any CPU.Build.0 = Debug|Any CPU
		{4AC0EFDD-3820-412D-BC49-0E65553F133C}.Debug|x64.ActiveCfg = Debug|Any CPU
		{4AC0EFDD-3820-412D-BC49-0E65553F133C}.Debug|x64.Build.0 = Debug|Any CPU
		{4AC0EFDD-3820-412D-BC49-0E65553F133C}.Release|Any CPU.ActiveCfg = Release|Any CPU
		{4AC0EFDD-3820-412D-BC49-0E65553F133C}.Release|Any CPU.Build.0 = Release|Any CPU
		{4AC0EFDD-3820-412D-BC49-0E65553F133C}.Release|x64.ActiveCfg = Release|Any CPU
		{4AC0EFDD-3820-412D-BC49-0E65553F133C}.Release|x64.Build.0 = Release|Any CPU
		{46FF81EE-5B13-4547-91FC-1282370E5D0B}.Debug|Any CPU.ActiveCfg = Debug|Any CPU
		{46FF81EE-5B13-4547-91FC-1282370E5D0B}.Debug|Any CPU.Build.0 = Debug|Any CPU
		{46FF81EE-5B13-4547-91FC-1282370E5D0B}.Debug|x64.ActiveCfg = Debug|Any CPU
		{46FF81EE-5B13-4547-91FC-1282370E5D0B}.Debug|x64.Build.0 = Debug|Any CPU
		{46FF81EE-5B13-4547-91FC-1282370E5D0B}.Release|Any CPU.ActiveCfg = Release|Any CPU
		{46FF81EE-5B13-4547-91FC-1282370E5D0B}.Release|Any CPU.Build.0 = Release|Any CPU
		{46FF81EE-5B13-4547-91FC-1282370E5D0B}.Release|x64.ActiveCfg = Release|Any CPU
		{46FF81EE-5B13-4547-91FC-1282370E5D0B}.Release|x64.Build.0 = Release|Any CPU
		{FD205ADB-62AE-43C6-8829-425D4F353FB5}.Debug|Any CPU.ActiveCfg = Debug|Any CPU
		{FD205ADB-62AE-43C6-8829-425D4F353FB5}.Debug|Any CPU.Build.0 = Debug|Any CPU
		{FD205ADB-62AE-43C6-8829-425D4F353FB5}.Debug|x64.ActiveCfg = Debug|Any CPU
		{FD205ADB-62AE-43C6-8829-425D4F353FB5}.Debug|x64.Build.0 = Debug|Any CPU
		{FD205ADB-62AE-43C6-8829-425D4F353FB5}.Release|Any CPU.ActiveCfg = Release|Any CPU
		{FD205ADB-62AE-43C6-8829-425D4F353FB5}.Release|Any CPU.Build.0 = Release|Any CPU
		{FD205ADB-62AE-43C6-8829-425D4F353FB5}.Release|x64.ActiveCfg = Release|Any CPU
		{FD205ADB-62AE-43C6-8829-425D4F353FB5}.Release|x64.Build.0 = Release|Any CPU
		{760899A4-0FCE-4B5C-A9E4-7C0F11CC0831}.Debug|Any CPU.ActiveCfg = Debug|Any CPU
		{760899A4-0FCE-4B5C-A9E4-7C0F11CC0831}.Debug|Any CPU.Build.0 = Debug|Any CPU
		{760899A4-0FCE-4B5C-A9E4-7C0F11CC0831}.Debug|Any CPU.Deploy.0 = Debug|Any CPU
		{760899A4-0FCE-4B5C-A9E4-7C0F11CC0831}.Debug|x64.ActiveCfg = Debug|Any CPU
		{760899A4-0FCE-4B5C-A9E4-7C0F11CC0831}.Debug|x64.Build.0 = Debug|Any CPU
		{760899A4-0FCE-4B5C-A9E4-7C0F11CC0831}.Debug|x64.Deploy.0 = Debug|Any CPU
		{760899A4-0FCE-4B5C-A9E4-7C0F11CC0831}.Release|Any CPU.ActiveCfg = Release|Any CPU
		{760899A4-0FCE-4B5C-A9E4-7C0F11CC0831}.Release|Any CPU.Build.0 = Release|Any CPU
		{760899A4-0FCE-4B5C-A9E4-7C0F11CC0831}.Release|Any CPU.Deploy.0 = Release|Any CPU
		{760899A4-0FCE-4B5C-A9E4-7C0F11CC0831}.Release|x64.ActiveCfg = Release|Any CPU
		{760899A4-0FCE-4B5C-A9E4-7C0F11CC0831}.Release|x64.Build.0 = Release|Any CPU
		{760899A4-0FCE-4B5C-A9E4-7C0F11CC0831}.Release|x64.Deploy.0 = Release|Any CPU
		{6AB9DBF4-EF77-4B97-8BFA-9DDB54741C86}.Debug|Any CPU.ActiveCfg = Debug|Any CPU
		{6AB9DBF4-EF77-4B97-8BFA-9DDB54741C86}.Debug|Any CPU.Build.0 = Debug|Any CPU
		{6AB9DBF4-EF77-4B97-8BFA-9DDB54741C86}.Debug|x64.ActiveCfg = Debug|Any CPU
		{6AB9DBF4-EF77-4B97-8BFA-9DDB54741C86}.Debug|x64.Build.0 = Debug|Any CPU
		{6AB9DBF4-EF77-4B97-8BFA-9DDB54741C86}.Release|Any CPU.ActiveCfg = Release|Any CPU
		{6AB9DBF4-EF77-4B97-8BFA-9DDB54741C86}.Release|Any CPU.Build.0 = Release|Any CPU
		{6AB9DBF4-EF77-4B97-8BFA-9DDB54741C86}.Release|x64.ActiveCfg = Release|Any CPU
		{6AB9DBF4-EF77-4B97-8BFA-9DDB54741C86}.Release|x64.Build.0 = Release|Any CPU
		{5ACE8B19-FADE-476D-A875-C46963207F4D}.Debug|Any CPU.ActiveCfg = Debug|Any CPU
		{5ACE8B19-FADE-476D-A875-C46963207F4D}.Debug|Any CPU.Build.0 = Debug|Any CPU
		{5ACE8B19-FADE-476D-A875-C46963207F4D}.Debug|x64.ActiveCfg = Debug|Any CPU
		{5ACE8B19-FADE-476D-A875-C46963207F4D}.Debug|x64.Build.0 = Debug|Any CPU
		{5ACE8B19-FADE-476D-A875-C46963207F4D}.Release|Any CPU.ActiveCfg = Release|Any CPU
		{5ACE8B19-FADE-476D-A875-C46963207F4D}.Release|Any CPU.Build.0 = Release|Any CPU
		{5ACE8B19-FADE-476D-A875-C46963207F4D}.Release|x64.ActiveCfg = Release|Any CPU
		{5ACE8B19-FADE-476D-A875-C46963207F4D}.Release|x64.Build.0 = Release|Any CPU
		{A944A7B3-FC26-4A68-9D97-3B82032DAE8B}.Debug|Any CPU.ActiveCfg = Debug|Any CPU
		{A944A7B3-FC26-4A68-9D97-3B82032DAE8B}.Debug|Any CPU.Build.0 = Debug|Any CPU
		{A944A7B3-FC26-4A68-9D97-3B82032DAE8B}.Debug|x64.ActiveCfg = Debug|Any CPU
		{A944A7B3-FC26-4A68-9D97-3B82032DAE8B}.Debug|x64.Build.0 = Debug|Any CPU
		{A944A7B3-FC26-4A68-9D97-3B82032DAE8B}.Release|Any CPU.ActiveCfg = Release|Any CPU
		{A944A7B3-FC26-4A68-9D97-3B82032DAE8B}.Release|Any CPU.Build.0 = Release|Any CPU
		{A944A7B3-FC26-4A68-9D97-3B82032DAE8B}.Release|x64.ActiveCfg = Release|Any CPU
		{A944A7B3-FC26-4A68-9D97-3B82032DAE8B}.Release|x64.Build.0 = Release|Any CPU
		{EC71A979-14F3-417C-8FDD-87FD744B449B}.Debug|Any CPU.ActiveCfg = Debug|Any CPU
		{EC71A979-14F3-417C-8FDD-87FD744B449B}.Debug|Any CPU.Build.0 = Debug|Any CPU
		{EC71A979-14F3-417C-8FDD-87FD744B449B}.Debug|x64.ActiveCfg = Debug|Any CPU
		{EC71A979-14F3-417C-8FDD-87FD744B449B}.Debug|x64.Build.0 = Debug|Any CPU
		{EC71A979-14F3-417C-8FDD-87FD744B449B}.Release|Any CPU.ActiveCfg = Release|Any CPU
		{EC71A979-14F3-417C-8FDD-87FD744B449B}.Release|Any CPU.Build.0 = Release|Any CPU
		{EC71A979-14F3-417C-8FDD-87FD744B449B}.Release|x64.ActiveCfg = Release|Any CPU
		{EC71A979-14F3-417C-8FDD-87FD744B449B}.Release|x64.Build.0 = Release|Any CPU
	EndGlobalSection
	GlobalSection(SolutionProperties) = preSolution
		HideSolutionNode = FALSE
	EndGlobalSection
	GlobalSection(ExtensibilityGlobals) = postSolution
		SolutionGuid = {AC5D8F42-E595-4DC6-8D63-20CFCE297AB6}
	EndGlobalSection
EndGlobal
