
Microsoft Visual Studio Solution File, Format Version 12.00
# Visual Studio Version 17
VisualStudioVersion = 17.0.32014.148
MinimumVisualStudioVersion = 10.0.40219.1
Project("{9A19103F-16F7-4668-BE54-9A1E7A4F7556}") = "SimpleSchedulerDomainModels", "SimpleSchedulerDomainModels\SimpleSchedulerDomainModels.csproj", "{5275E483-74B2-46A5-94AE-76D6F2823491}"
EndProject
Project("{9A19103F-16F7-4668-BE54-9A1E7A4F7556}") = "SimpleSchedulerData", "SimpleSchedulerData\SimpleSchedulerData.csproj", "{16C14813-9931-4B53-9811-48F87BE134C2}"
EndProject
Project("{9A19103F-16F7-4668-BE54-9A1E7A4F7556}") = "SimpleSchedulerService", "SimpleSchedulerService\SimpleSchedulerService.csproj", "{0F2BE554-5627-42B4-A480-174F4E5ADCB9}"
EndProject
Project("{9A19103F-16F7-4668-BE54-9A1E7A4F7556}") = "SimpleSchedulerEmail", "SimpleSchedulerEmail\SimpleSchedulerEmail.csproj", "{67B2364E-E7BE-4070-A154-C5DDCBB132CA}"
EndProject
Project("{9A19103F-16F7-4668-BE54-9A1E7A4F7556}") = "SimpleSchedulerServiceChecker", "SimpleSchedulerServiceChecker\SimpleSchedulerServiceChecker.csproj", "{09B2F39D-FB6E-45D3-A628-B4ACC478FB29}"
EndProject
Project("{9A19103F-16F7-4668-BE54-9A1E7A4F7556}") = "SimpleSchedulerTests", "SimpleSchedulerTests\SimpleSchedulerTests.csproj", "{46FF81EE-5B13-4547-91FC-1282370E5D0B}"
EndProject
Project("{9A19103F-16F7-4668-BE54-9A1E7A4F7556}") = "SimpleSchedulerFakeData", "SimpleSchedulerFakeData\SimpleSchedulerFakeData.csproj", "{FD205ADB-62AE-43C6-8829-425D4F353FB5}"
EndProject
Project("{9A19103F-16F7-4668-BE54-9A1E7A4F7556}") = "SimpleSchedulerBlazor.Server", "SimpleSchedulerBlazor\Server\SimpleSchedulerBlazor.Server.csproj", "{5ACE8B19-FADE-476D-A875-C46963207F4D}"
EndProject
Project("{9A19103F-16F7-4668-BE54-9A1E7A4F7556}") = "SimpleSchedulerBlazor.Client", "SimpleSchedulerBlazor\Client\SimpleSchedulerBlazor.Client.csproj", "{A944A7B3-FC26-4A68-9D97-3B82032DAE8B}"
EndProject
Project("{9A19103F-16F7-4668-BE54-9A1E7A4F7556}") = "SimpleSchedulerAppServices", "SimpleSchedulerAppServices\SimpleSchedulerAppServices.csproj", "{77F16F32-750C-4885-81E2-93A53F24409C}"
EndProject
Project("{9A19103F-16F7-4668-BE54-9A1E7A4F7556}") = "KeyGen", "KeyGen\KeyGen.csproj", "{D83BBCD5-1DCE-42FA-84E3-7CCB5F2B2157}"
EndProject
Project("{2150E333-8FDC-42A3-9474-1A3956D46DE8}") = "Utilities", "Utilities", "{69C732AA-266E-4CC2-9AB4-AD70CA0477F9}"
EndProject
Project("{9A19103F-16F7-4668-BE54-9A1E7A4F7556}") = "SimpleSchedulerSerilogEmail", "SimpleSchedulerSerilogEmail\SimpleSchedulerSerilogEmail.csproj", "{9699E602-9F88-4827-89D3-4C855FF93DBE}"
EndProject
Project("{9A19103F-16F7-4668-BE54-9A1E7A4F7556}") = "SimpleSchedulerApiModels", "SimpleSchedulerApiModels\SimpleSchedulerApiModels.csproj", "{EFFDFBFA-9375-49F7-9980-C099CFB6FF73}"
EndProject
Project("{9A19103F-16F7-4668-BE54-9A1E7A4F7556}") = "SimpleSchedulerDataEntities", "SimpleSchedulerDataEntities\SimpleSchedulerDataEntities.csproj", "{DCF34AD8-FC5A-48E0-B88C-CB4A742905DF}"
EndProject
Project("{2150E333-8FDC-42A3-9474-1A3956D46DE8}") = "Solution Items", "Solution Items", "{5E59DC57-1BD1-4554-8402-1E3010573850}"
	ProjectSection(SolutionItems) = preProject
		.editorconfig = .editorconfig
	EndProjectSection
EndProject
Project("{2150E333-8FDC-42A3-9474-1A3956D46DE8}") = "API", "API", "{C062D6D3-0F27-49B7-A00D-F5341A96C0A2}"
EndProject
Project("{2150E333-8FDC-42A3-9474-1A3956D46DE8}") = "Client", "Client", "{A7D899AF-D69D-4431-AE19-F53F78A44F75}"
EndProject
Project("{2150E333-8FDC-42A3-9474-1A3956D46DE8}") = "Crosscutting", "Crosscutting", "{5A20E141-618E-4569-9B4A-2B1F2D9868DE}"
EndProject
Project("{2150E333-8FDC-42A3-9474-1A3956D46DE8}") = "Business", "Business", "{796FBF5F-DE42-4AE1-873D-BDDCA9B724A7}"
EndProject
Project("{2150E333-8FDC-42A3-9474-1A3956D46DE8}") = "Data", "Data", "{A2E11CD5-BCA1-4332-B864-E292679E371C}"
EndProject
Project("{2150E333-8FDC-42A3-9474-1A3956D46DE8}") = "Tests", "Tests", "{4E5F2980-52CD-45AF-BEC0-8105D2B17592}"
EndProject
Project("{9A19103F-16F7-4668-BE54-9A1E7A4F7556}") = "SimpleScheduler.Blazor.Shared", "SimpleSchedulerBlazor\Shared\SimpleScheduler.Blazor.Shared.csproj", "{802C3329-4F97-4CB9-BFFF-5B1A3C0E0F2D}"
EndProject
Project("{00D1A9C2-B5F0-4AF3-8072-F6C62B433612}") = "SimpleSchedulerSqlServerDB", "SimpleSchedulerSqlServerDB\SimpleSchedulerSqlServerDB.sqlproj", "{89D3F1CB-DAB6-4493-B088-4B02B9E84948}"
EndProject
Project("{FAE04EC0-301F-11D3-BF4B-00C04F79EFBC}") = "SimpleSchedulerServiceClient", "SimpleSchedulerServiceClient\SimpleSchedulerServiceClient.csproj", "{EF8DC3CF-EF39-4CD6-AFFB-0F01B867D437}"
EndProject
Global
	GlobalSection(SolutionConfigurationPlatforms) = preSolution
		Debug|Any CPU = Debug|Any CPU
		Debug|x64 = Debug|x64
		Release|Any CPU = Release|Any CPU
		Release|x64 = Release|x64
	EndGlobalSection
	GlobalSection(ProjectConfigurationPlatforms) = postSolution
		{5275E483-74B2-46A5-94AE-76D6F2823491}.Debug|Any CPU.ActiveCfg = Debug|Any CPU
		{5275E483-74B2-46A5-94AE-76D6F2823491}.Debug|Any CPU.Build.0 = Debug|Any CPU
		{5275E483-74B2-46A5-94AE-76D6F2823491}.Debug|x64.ActiveCfg = Debug|Any CPU
		{5275E483-74B2-46A5-94AE-76D6F2823491}.Debug|x64.Build.0 = Debug|Any CPU
		{5275E483-74B2-46A5-94AE-76D6F2823491}.Release|Any CPU.ActiveCfg = Release|Any CPU
		{5275E483-74B2-46A5-94AE-76D6F2823491}.Release|Any CPU.Build.0 = Release|Any CPU
		{5275E483-74B2-46A5-94AE-76D6F2823491}.Release|x64.ActiveCfg = Release|Any CPU
		{5275E483-74B2-46A5-94AE-76D6F2823491}.Release|x64.Build.0 = Release|Any CPU
		{16C14813-9931-4B53-9811-48F87BE134C2}.Debug|Any CPU.ActiveCfg = Debug|Any CPU
		{16C14813-9931-4B53-9811-48F87BE134C2}.Debug|Any CPU.Build.0 = Debug|Any CPU
		{16C14813-9931-4B53-9811-48F87BE134C2}.Debug|x64.ActiveCfg = Debug|Any CPU
		{16C14813-9931-4B53-9811-48F87BE134C2}.Debug|x64.Build.0 = Debug|Any CPU
		{16C14813-9931-4B53-9811-48F87BE134C2}.Release|Any CPU.ActiveCfg = Release|Any CPU
		{16C14813-9931-4B53-9811-48F87BE134C2}.Release|Any CPU.Build.0 = Release|Any CPU
		{16C14813-9931-4B53-9811-48F87BE134C2}.Release|x64.ActiveCfg = Release|Any CPU
		{16C14813-9931-4B53-9811-48F87BE134C2}.Release|x64.Build.0 = Release|Any CPU
		{0F2BE554-5627-42B4-A480-174F4E5ADCB9}.Debug|Any CPU.ActiveCfg = Debug|Any CPU
		{0F2BE554-5627-42B4-A480-174F4E5ADCB9}.Debug|Any CPU.Build.0 = Debug|Any CPU
		{0F2BE554-5627-42B4-A480-174F4E5ADCB9}.Debug|x64.ActiveCfg = Debug|Any CPU
		{0F2BE554-5627-42B4-A480-174F4E5ADCB9}.Debug|x64.Build.0 = Debug|Any CPU
		{0F2BE554-5627-42B4-A480-174F4E5ADCB9}.Release|Any CPU.ActiveCfg = Release|Any CPU
		{0F2BE554-5627-42B4-A480-174F4E5ADCB9}.Release|Any CPU.Build.0 = Release|Any CPU
		{0F2BE554-5627-42B4-A480-174F4E5ADCB9}.Release|x64.ActiveCfg = Release|Any CPU
		{0F2BE554-5627-42B4-A480-174F4E5ADCB9}.Release|x64.Build.0 = Release|Any CPU
		{67B2364E-E7BE-4070-A154-C5DDCBB132CA}.Debug|Any CPU.ActiveCfg = Debug|Any CPU
		{67B2364E-E7BE-4070-A154-C5DDCBB132CA}.Debug|Any CPU.Build.0 = Debug|Any CPU
		{67B2364E-E7BE-4070-A154-C5DDCBB132CA}.Debug|x64.ActiveCfg = Debug|Any CPU
		{67B2364E-E7BE-4070-A154-C5DDCBB132CA}.Debug|x64.Build.0 = Debug|Any CPU
		{67B2364E-E7BE-4070-A154-C5DDCBB132CA}.Release|Any CPU.ActiveCfg = Release|Any CPU
		{67B2364E-E7BE-4070-A154-C5DDCBB132CA}.Release|Any CPU.Build.0 = Release|Any CPU
		{67B2364E-E7BE-4070-A154-C5DDCBB132CA}.Release|x64.ActiveCfg = Release|Any CPU
		{67B2364E-E7BE-4070-A154-C5DDCBB132CA}.Release|x64.Build.0 = Release|Any CPU
		{09B2F39D-FB6E-45D3-A628-B4ACC478FB29}.Debug|Any CPU.ActiveCfg = Debug|Any CPU
		{09B2F39D-FB6E-45D3-A628-B4ACC478FB29}.Debug|Any CPU.Build.0 = Debug|Any CPU
		{09B2F39D-FB6E-45D3-A628-B4ACC478FB29}.Debug|x64.ActiveCfg = Debug|Any CPU
		{09B2F39D-FB6E-45D3-A628-B4ACC478FB29}.Debug|x64.Build.0 = Debug|Any CPU
		{09B2F39D-FB6E-45D3-A628-B4ACC478FB29}.Release|Any CPU.ActiveCfg = Release|Any CPU
		{09B2F39D-FB6E-45D3-A628-B4ACC478FB29}.Release|Any CPU.Build.0 = Release|Any CPU
		{09B2F39D-FB6E-45D3-A628-B4ACC478FB29}.Release|x64.ActiveCfg = Release|Any CPU
		{09B2F39D-FB6E-45D3-A628-B4ACC478FB29}.Release|x64.Build.0 = Release|Any CPU
		{46FF81EE-5B13-4547-91FC-1282370E5D0B}.Debug|Any CPU.ActiveCfg = Debug|Any CPU
		{46FF81EE-5B13-4547-91FC-1282370E5D0B}.Debug|Any CPU.Build.0 = Debug|Any CPU
		{46FF81EE-5B13-4547-91FC-1282370E5D0B}.Debug|x64.ActiveCfg = Debug|Any CPU
		{46FF81EE-5B13-4547-91FC-1282370E5D0B}.Debug|x64.Build.0 = Debug|Any CPU
		{46FF81EE-5B13-4547-91FC-1282370E5D0B}.Release|Any CPU.ActiveCfg = Release|Any CPU
		{46FF81EE-5B13-4547-91FC-1282370E5D0B}.Release|Any CPU.Build.0 = Release|Any CPU
		{46FF81EE-5B13-4547-91FC-1282370E5D0B}.Release|x64.ActiveCfg = Release|Any CPU
		{46FF81EE-5B13-4547-91FC-1282370E5D0B}.Release|x64.Build.0 = Release|Any CPU
		{FD205ADB-62AE-43C6-8829-425D4F353FB5}.Debug|Any CPU.ActiveCfg = Debug|Any CPU
		{FD205ADB-62AE-43C6-8829-425D4F353FB5}.Debug|Any CPU.Build.0 = Debug|Any CPU
		{FD205ADB-62AE-43C6-8829-425D4F353FB5}.Debug|x64.ActiveCfg = Debug|Any CPU
		{FD205ADB-62AE-43C6-8829-425D4F353FB5}.Debug|x64.Build.0 = Debug|Any CPU
		{FD205ADB-62AE-43C6-8829-425D4F353FB5}.Release|Any CPU.ActiveCfg = Release|Any CPU
		{FD205ADB-62AE-43C6-8829-425D4F353FB5}.Release|Any CPU.Build.0 = Release|Any CPU
		{FD205ADB-62AE-43C6-8829-425D4F353FB5}.Release|x64.ActiveCfg = Release|Any CPU
		{FD205ADB-62AE-43C6-8829-425D4F353FB5}.Release|x64.Build.0 = Release|Any CPU
		{5ACE8B19-FADE-476D-A875-C46963207F4D}.Debug|Any CPU.ActiveCfg = Debug|Any CPU
		{5ACE8B19-FADE-476D-A875-C46963207F4D}.Debug|Any CPU.Build.0 = Debug|Any CPU
		{5ACE8B19-FADE-476D-A875-C46963207F4D}.Debug|x64.ActiveCfg = Debug|Any CPU
		{5ACE8B19-FADE-476D-A875-C46963207F4D}.Debug|x64.Build.0 = Debug|Any CPU
		{5ACE8B19-FADE-476D-A875-C46963207F4D}.Release|Any CPU.ActiveCfg = Release|Any CPU
		{5ACE8B19-FADE-476D-A875-C46963207F4D}.Release|Any CPU.Build.0 = Release|Any CPU
		{5ACE8B19-FADE-476D-A875-C46963207F4D}.Release|x64.ActiveCfg = Release|Any CPU
		{5ACE8B19-FADE-476D-A875-C46963207F4D}.Release|x64.Build.0 = Release|Any CPU
		{A944A7B3-FC26-4A68-9D97-3B82032DAE8B}.Debug|Any CPU.ActiveCfg = Debug|Any CPU
		{A944A7B3-FC26-4A68-9D97-3B82032DAE8B}.Debug|Any CPU.Build.0 = Debug|Any CPU
		{A944A7B3-FC26-4A68-9D97-3B82032DAE8B}.Debug|x64.ActiveCfg = Debug|Any CPU
		{A944A7B3-FC26-4A68-9D97-3B82032DAE8B}.Debug|x64.Build.0 = Debug|Any CPU
		{A944A7B3-FC26-4A68-9D97-3B82032DAE8B}.Release|Any CPU.ActiveCfg = Release|Any CPU
		{A944A7B3-FC26-4A68-9D97-3B82032DAE8B}.Release|Any CPU.Build.0 = Release|Any CPU
		{A944A7B3-FC26-4A68-9D97-3B82032DAE8B}.Release|x64.ActiveCfg = Release|Any CPU
		{A944A7B3-FC26-4A68-9D97-3B82032DAE8B}.Release|x64.Build.0 = Release|Any CPU
		{77F16F32-750C-4885-81E2-93A53F24409C}.Debug|Any CPU.ActiveCfg = Debug|Any CPU
		{77F16F32-750C-4885-81E2-93A53F24409C}.Debug|Any CPU.Build.0 = Debug|Any CPU
		{77F16F32-750C-4885-81E2-93A53F24409C}.Debug|x64.ActiveCfg = Debug|Any CPU
		{77F16F32-750C-4885-81E2-93A53F24409C}.Debug|x64.Build.0 = Debug|Any CPU
		{77F16F32-750C-4885-81E2-93A53F24409C}.Release|Any CPU.ActiveCfg = Release|Any CPU
		{77F16F32-750C-4885-81E2-93A53F24409C}.Release|Any CPU.Build.0 = Release|Any CPU
		{77F16F32-750C-4885-81E2-93A53F24409C}.Release|x64.ActiveCfg = Release|Any CPU
		{77F16F32-750C-4885-81E2-93A53F24409C}.Release|x64.Build.0 = Release|Any CPU
		{D83BBCD5-1DCE-42FA-84E3-7CCB5F2B2157}.Debug|Any CPU.ActiveCfg = Debug|Any CPU
		{D83BBCD5-1DCE-42FA-84E3-7CCB5F2B2157}.Debug|Any CPU.Build.0 = Debug|Any CPU
		{D83BBCD5-1DCE-42FA-84E3-7CCB5F2B2157}.Debug|x64.ActiveCfg = Debug|Any CPU
		{D83BBCD5-1DCE-42FA-84E3-7CCB5F2B2157}.Debug|x64.Build.0 = Debug|Any CPU
		{D83BBCD5-1DCE-42FA-84E3-7CCB5F2B2157}.Release|Any CPU.ActiveCfg = Release|Any CPU
		{D83BBCD5-1DCE-42FA-84E3-7CCB5F2B2157}.Release|Any CPU.Build.0 = Release|Any CPU
		{D83BBCD5-1DCE-42FA-84E3-7CCB5F2B2157}.Release|x64.ActiveCfg = Release|Any CPU
		{D83BBCD5-1DCE-42FA-84E3-7CCB5F2B2157}.Release|x64.Build.0 = Release|Any CPU
		{9699E602-9F88-4827-89D3-4C855FF93DBE}.Debug|Any CPU.ActiveCfg = Debug|Any CPU
		{9699E602-9F88-4827-89D3-4C855FF93DBE}.Debug|Any CPU.Build.0 = Debug|Any CPU
		{9699E602-9F88-4827-89D3-4C855FF93DBE}.Debug|x64.ActiveCfg = Debug|Any CPU
		{9699E602-9F88-4827-89D3-4C855FF93DBE}.Debug|x64.Build.0 = Debug|Any CPU
		{9699E602-9F88-4827-89D3-4C855FF93DBE}.Release|Any CPU.ActiveCfg = Release|Any CPU
		{9699E602-9F88-4827-89D3-4C855FF93DBE}.Release|Any CPU.Build.0 = Release|Any CPU
		{9699E602-9F88-4827-89D3-4C855FF93DBE}.Release|x64.ActiveCfg = Release|Any CPU
		{9699E602-9F88-4827-89D3-4C855FF93DBE}.Release|x64.Build.0 = Release|Any CPU
		{EFFDFBFA-9375-49F7-9980-C099CFB6FF73}.Debug|Any CPU.ActiveCfg = Debug|Any CPU
		{EFFDFBFA-9375-49F7-9980-C099CFB6FF73}.Debug|Any CPU.Build.0 = Debug|Any CPU
		{EFFDFBFA-9375-49F7-9980-C099CFB6FF73}.Debug|x64.ActiveCfg = Debug|Any CPU
		{EFFDFBFA-9375-49F7-9980-C099CFB6FF73}.Debug|x64.Build.0 = Debug|Any CPU
		{EFFDFBFA-9375-49F7-9980-C099CFB6FF73}.Release|Any CPU.ActiveCfg = Release|Any CPU
		{EFFDFBFA-9375-49F7-9980-C099CFB6FF73}.Release|Any CPU.Build.0 = Release|Any CPU
		{EFFDFBFA-9375-49F7-9980-C099CFB6FF73}.Release|x64.ActiveCfg = Release|Any CPU
		{EFFDFBFA-9375-49F7-9980-C099CFB6FF73}.Release|x64.Build.0 = Release|Any CPU
		{DCF34AD8-FC5A-48E0-B88C-CB4A742905DF}.Debug|Any CPU.ActiveCfg = Debug|Any CPU
		{DCF34AD8-FC5A-48E0-B88C-CB4A742905DF}.Debug|Any CPU.Build.0 = Debug|Any CPU
		{DCF34AD8-FC5A-48E0-B88C-CB4A742905DF}.Debug|x64.ActiveCfg = Debug|Any CPU
		{DCF34AD8-FC5A-48E0-B88C-CB4A742905DF}.Debug|x64.Build.0 = Debug|Any CPU
		{DCF34AD8-FC5A-48E0-B88C-CB4A742905DF}.Release|Any CPU.ActiveCfg = Release|Any CPU
		{DCF34AD8-FC5A-48E0-B88C-CB4A742905DF}.Release|Any CPU.Build.0 = Release|Any CPU
		{DCF34AD8-FC5A-48E0-B88C-CB4A742905DF}.Release|x64.ActiveCfg = Release|Any CPU
		{DCF34AD8-FC5A-48E0-B88C-CB4A742905DF}.Release|x64.Build.0 = Release|Any CPU
		{802C3329-4F97-4CB9-BFFF-5B1A3C0E0F2D}.Debug|Any CPU.ActiveCfg = Debug|Any CPU
		{802C3329-4F97-4CB9-BFFF-5B1A3C0E0F2D}.Debug|Any CPU.Build.0 = Debug|Any CPU
		{802C3329-4F97-4CB9-BFFF-5B1A3C0E0F2D}.Debug|x64.ActiveCfg = Debug|Any CPU
		{802C3329-4F97-4CB9-BFFF-5B1A3C0E0F2D}.Debug|x64.Build.0 = Debug|Any CPU
		{802C3329-4F97-4CB9-BFFF-5B1A3C0E0F2D}.Release|Any CPU.ActiveCfg = Release|Any CPU
		{802C3329-4F97-4CB9-BFFF-5B1A3C0E0F2D}.Release|Any CPU.Build.0 = Release|Any CPU
		{802C3329-4F97-4CB9-BFFF-5B1A3C0E0F2D}.Release|x64.ActiveCfg = Release|Any CPU
		{802C3329-4F97-4CB9-BFFF-5B1A3C0E0F2D}.Release|x64.Build.0 = Release|Any CPU
		{89D3F1CB-DAB6-4493-B088-4B02B9E84948}.Debug|Any CPU.ActiveCfg = Debug|Any CPU
		{89D3F1CB-DAB6-4493-B088-4B02B9E84948}.Debug|Any CPU.Build.0 = Debug|Any CPU
		{89D3F1CB-DAB6-4493-B088-4B02B9E84948}.Debug|Any CPU.Deploy.0 = Debug|Any CPU
		{89D3F1CB-DAB6-4493-B088-4B02B9E84948}.Debug|x64.ActiveCfg = Debug|Any CPU
		{89D3F1CB-DAB6-4493-B088-4B02B9E84948}.Debug|x64.Build.0 = Debug|Any CPU
		{89D3F1CB-DAB6-4493-B088-4B02B9E84948}.Debug|x64.Deploy.0 = Debug|Any CPU
		{89D3F1CB-DAB6-4493-B088-4B02B9E84948}.Release|Any CPU.ActiveCfg = Release|Any CPU
		{89D3F1CB-DAB6-4493-B088-4B02B9E84948}.Release|Any CPU.Build.0 = Release|Any CPU
		{89D3F1CB-DAB6-4493-B088-4B02B9E84948}.Release|Any CPU.Deploy.0 = Release|Any CPU
		{89D3F1CB-DAB6-4493-B088-4B02B9E84948}.Release|x64.ActiveCfg = Release|Any CPU
		{89D3F1CB-DAB6-4493-B088-4B02B9E84948}.Release|x64.Build.0 = Release|Any CPU
		{89D3F1CB-DAB6-4493-B088-4B02B9E84948}.Release|x64.Deploy.0 = Release|Any CPU
		{EF8DC3CF-EF39-4CD6-AFFB-0F01B867D437}.Debug|Any CPU.ActiveCfg = Debug|Any CPU
		{EF8DC3CF-EF39-4CD6-AFFB-0F01B867D437}.Debug|Any CPU.Build.0 = Debug|Any CPU
		{EF8DC3CF-EF39-4CD6-AFFB-0F01B867D437}.Debug|x64.ActiveCfg = Debug|Any CPU
		{EF8DC3CF-EF39-4CD6-AFFB-0F01B867D437}.Debug|x64.Build.0 = Debug|Any CPU
		{EF8DC3CF-EF39-4CD6-AFFB-0F01B867D437}.Release|Any CPU.ActiveCfg = Release|Any CPU
		{EF8DC3CF-EF39-4CD6-AFFB-0F01B867D437}.Release|Any CPU.Build.0 = Release|Any CPU
		{EF8DC3CF-EF39-4CD6-AFFB-0F01B867D437}.Release|x64.ActiveCfg = Release|Any CPU
		{EF8DC3CF-EF39-4CD6-AFFB-0F01B867D437}.Release|x64.Build.0 = Release|Any CPU
	EndGlobalSection
	GlobalSection(SolutionProperties) = preSolution
		HideSolutionNode = FALSE
	EndGlobalSection
	GlobalSection(NestedProjects) = preSolution
		{5275E483-74B2-46A5-94AE-76D6F2823491} = {796FBF5F-DE42-4AE1-873D-BDDCA9B724A7}
		{16C14813-9931-4B53-9811-48F87BE134C2} = {A2E11CD5-BCA1-4332-B864-E292679E371C}
		{0F2BE554-5627-42B4-A480-174F4E5ADCB9} = {A7D899AF-D69D-4431-AE19-F53F78A44F75}
		{67B2364E-E7BE-4070-A154-C5DDCBB132CA} = {5A20E141-618E-4569-9B4A-2B1F2D9868DE}
		{09B2F39D-FB6E-45D3-A628-B4ACC478FB29} = {A7D899AF-D69D-4431-AE19-F53F78A44F75}
		{46FF81EE-5B13-4547-91FC-1282370E5D0B} = {4E5F2980-52CD-45AF-BEC0-8105D2B17592}
		{FD205ADB-62AE-43C6-8829-425D4F353FB5} = {69C732AA-266E-4CC2-9AB4-AD70CA0477F9}
		{5ACE8B19-FADE-476D-A875-C46963207F4D} = {C062D6D3-0F27-49B7-A00D-F5341A96C0A2}
		{A944A7B3-FC26-4A68-9D97-3B82032DAE8B} = {A7D899AF-D69D-4431-AE19-F53F78A44F75}
		{77F16F32-750C-4885-81E2-93A53F24409C} = {796FBF5F-DE42-4AE1-873D-BDDCA9B724A7}
		{D83BBCD5-1DCE-42FA-84E3-7CCB5F2B2157} = {69C732AA-266E-4CC2-9AB4-AD70CA0477F9}
		{9699E602-9F88-4827-89D3-4C855FF93DBE} = {796FBF5F-DE42-4AE1-873D-BDDCA9B724A7}
		{EFFDFBFA-9375-49F7-9980-C099CFB6FF73} = {C062D6D3-0F27-49B7-A00D-F5341A96C0A2}
		{DCF34AD8-FC5A-48E0-B88C-CB4A742905DF} = {A2E11CD5-BCA1-4332-B864-E292679E371C}
		{802C3329-4F97-4CB9-BFFF-5B1A3C0E0F2D} = {5A20E141-618E-4569-9B4A-2B1F2D9868DE}
		{89D3F1CB-DAB6-4493-B088-4B02B9E84948} = {A2E11CD5-BCA1-4332-B864-E292679E371C}
		{EF8DC3CF-EF39-4CD6-AFFB-0F01B867D437} = {A7D899AF-D69D-4431-AE19-F53F78A44F75}
	EndGlobalSection
	GlobalSection(ExtensibilityGlobals) = postSolution
		SolutionGuid = {AC5D8F42-E595-4DC6-8D63-20CFCE297AB6}
	EndGlobalSection
EndGlobal
